
Microsoft Visual Studio Solution File, Format Version 12.00
Project("{FAE04EC0-301F-11D3-BF4B-00C04F79EFBC}") = "Lesson005Task002", "Lesson005Task002.csproj", "{D9D99007-97C4-4342-9FD4-276B5DF0938B}"
EndProject
Global
	GlobalSection(SolutionConfigurationPlatforms) = preSolution
		Debug|Any CPU = Debug|Any CPU
		Release|Any CPU = Release|Any CPU
	EndGlobalSection
	GlobalSection(ProjectConfigurationPlatforms) = postSolution
		{D9D99007-97C4-4342-9FD4-276B5DF0938B}.Debug|Any CPU.ActiveCfg = Debug|Any CPU
		{D9D99007-97C4-4342-9FD4-276B5DF0938B}.Debug|Any CPU.Build.0 = Debug|Any CPU
		{D9D99007-97C4-4342-9FD4-276B5DF0938B}.Release|Any CPU.ActiveCfg = Release|Any CPU
		{D9D99007-97C4-4342-9FD4-276B5DF0938B}.Release|Any CPU.Build.0 = Release|Any CPU
	EndGlobalSection
EndGlobal
