
Microsoft Visual Studio Solution File, Format Version 12.00
Project("{FAE04EC0-301F-11D3-BF4B-00C04F79EFBC}") = "Lesson003Task002", "Lesson003Task002.csproj", "{6A9563D9-F85B-41DB-A435-ECA9629BB282}"
EndProject
Global
	GlobalSection(SolutionConfigurationPlatforms) = preSolution
		Debug|Any CPU = Debug|Any CPU
		Release|Any CPU = Release|Any CPU
	EndGlobalSection
	GlobalSection(ProjectConfigurationPlatforms) = postSolution
		{6A9563D9-F85B-41DB-A435-ECA9629BB282}.Debug|Any CPU.ActiveCfg = Debug|Any CPU
		{6A9563D9-F85B-41DB-A435-ECA9629BB282}.Debug|Any CPU.Build.0 = Debug|Any CPU
		{6A9563D9-F85B-41DB-A435-ECA9629BB282}.Release|Any CPU.ActiveCfg = Release|Any CPU
		{6A9563D9-F85B-41DB-A435-ECA9629BB282}.Release|Any CPU.Build.0 = Release|Any CPU
	EndGlobalSection
EndGlobal
