
Microsoft Visual Studio Solution File, Format Version 12.00
Project("{FAE04EC0-301F-11D3-BF4B-00C04F79EFBC}") = "Lesson002Task004", "Lesson002Task004.csproj", "{FB6E37BC-CEE7-46F8-9982-B0BDAB31588C}"
EndProject
Global
	GlobalSection(SolutionConfigurationPlatforms) = preSolution
		Debug|Any CPU = Debug|Any CPU
		Release|Any CPU = Release|Any CPU
	EndGlobalSection
	GlobalSection(ProjectConfigurationPlatforms) = postSolution
		{FB6E37BC-CEE7-46F8-9982-B0BDAB31588C}.Debug|Any CPU.ActiveCfg = Debug|Any CPU
		{FB6E37BC-CEE7-46F8-9982-B0BDAB31588C}.Debug|Any CPU.Build.0 = Debug|Any CPU
		{FB6E37BC-CEE7-46F8-9982-B0BDAB31588C}.Release|Any CPU.ActiveCfg = Release|Any CPU
		{FB6E37BC-CEE7-46F8-9982-B0BDAB31588C}.Release|Any CPU.Build.0 = Release|Any CPU
	EndGlobalSection
EndGlobal
