
Microsoft Visual Studio Solution File, Format Version 12.00
Project("{FAE04EC0-301F-11D3-BF4B-00C04F79EFBC}") = "HomeWorkLesson006", "HomeWorkLesson006.csproj", "{D59E3AA3-AE8B-405C-9C9B-978C304AE079}"
EndProject
Global
	GlobalSection(SolutionConfigurationPlatforms) = preSolution
		Debug|Any CPU = Debug|Any CPU
		Release|Any CPU = Release|Any CPU
	EndGlobalSection
	GlobalSection(ProjectConfigurationPlatforms) = postSolution
		{D59E3AA3-AE8B-405C-9C9B-978C304AE079}.Debug|Any CPU.ActiveCfg = Debug|Any CPU
		{D59E3AA3-AE8B-405C-9C9B-978C304AE079}.Debug|Any CPU.Build.0 = Debug|Any CPU
		{D59E3AA3-AE8B-405C-9C9B-978C304AE079}.Release|Any CPU.ActiveCfg = Release|Any CPU
		{D59E3AA3-AE8B-405C-9C9B-978C304AE079}.Release|Any CPU.Build.0 = Release|Any CPU
	EndGlobalSection
EndGlobal
